// !$*UTF8*$!
{
	archiveVersion = 1;
	classes = {
	};
	objectVersion = 46;
	objects = {

/* Begin PBXBuildFile section */
		B8BF02981B7508B500C16C39 /* AppDelegate.swift in Sources */ = {isa = PBXBuildFile; fileRef = B8BF02971B7508B500C16C39 /* AppDelegate.swift */; };
		B8BF029A1B7508B500C16C39 /* ViewController.swift in Sources */ = {isa = PBXBuildFile; fileRef = B8BF02991B7508B500C16C39 /* ViewController.swift */; };
		B8BF029D1B7508B500C16C39 /* Main.storyboard in Resources */ = {isa = PBXBuildFile; fileRef = B8BF029B1B7508B500C16C39 /* Main.storyboard */; };
		B8BF029F1B7508B500C16C39 /* Images.xcassets in Resources */ = {isa = PBXBuildFile; fileRef = B8BF029E1B7508B500C16C39 /* Images.xcassets */; };
		B8BF02A21B7508B500C16C39 /* LaunchScreen.xib in Resources */ = {isa = PBXBuildFile; fileRef = B8BF02A01B7508B500C16C39 /* LaunchScreen.xib */; };
		B8BF02AE1B7508B500C16C39 /* mayahoneyLoginTests.swift in Sources */ = {isa = PBXBuildFile; fileRef = B8BF02AD1B7508B500C16C39 /* mayahoneyLoginTests.swift */; };
/* End PBXBuildFile section */

/* Begin PBXContainerItemProxy section */
		B8BF02A81B7508B500C16C39 /* PBXContainerItemProxy */ = {
			isa = PBXContainerItemProxy;
			containerPortal = B8BF028A1B7508B500C16C39 /* Project object */;
			proxyType = 1;
			remoteGlobalIDString = B8BF02911B7508B500C16C39;
			remoteInfo = mayahoneyLogin;
		};
/* End PBXContainerItemProxy section */

/* Begin PBXFileReference section */
		B8BF02921B7508B500C16C39 /* mayahoneyLogin.app */ = {isa = PBXFileReference; explicitFileType = wrapper.application; includeInIndex = 0; path = mayahoneyLogin.app; sourceTree = BUILT_PRODUCTS_DIR; };
		B8BF02961B7508B500C16C39 /* Info.plist */ = {isa = PBXFileReference; lastKnownFileType = text.plist.xml; path = Info.plist; sourceTree = "<group>"; };
		B8BF02971B7508B500C16C39 /* AppDelegate.swift */ = {isa = PBXFileReference; lastKnownFileType = sourcecode.swift; path = AppDelegate.swift; sourceTree = "<group>"; };
		B8BF02991B7508B500C16C39 /* ViewController.swift */ = {isa = PBXFileReference; lastKnownFileType = sourcecode.swift; path = ViewController.swift; sourceTree = "<group>"; };
		B8BF029C1B7508B500C16C39 /* Base */ = {isa = PBXFileReference; lastKnownFileType = file.storyboard; name = Base; path = Base.lproj/Main.storyboard; sourceTree = "<group>"; };
		B8BF029E1B7508B500C16C39 /* Images.xcassets */ = {isa = PBXFileReference; lastKnownFileType = folder.assetcatalog; path = Images.xcassets; sourceTree = "<group>"; };
		B8BF02A11B7508B500C16C39 /* Base */ = {isa = PBXFileReference; lastKnownFileType = file.xib; name = Base; path = Base.lproj/LaunchScreen.xib; sourceTree = "<group>"; };
		B8BF02A71B7508B500C16C39 /* mayahoneyLoginTests.xctest */ = {isa = PBXFileReference; explicitFileType = wrapper.cfbundle; includeInIndex = 0; path = mayahoneyLoginTests.xctest; sourceTree = BUILT_PRODUCTS_DIR; };
		B8BF02AC1B7508B500C16C39 /* Info.plist */ = {isa = PBXFileReference; lastKnownFileType = text.plist.xml; path = Info.plist; sourceTree = "<group>"; };
		B8BF02AD1B7508B500C16C39 /* mayahoneyLoginTests.swift */ = {isa = PBXFileReference; lastKnownFileType = sourcecode.swift; path = mayahoneyLoginTests.swift; sourceTree = "<group>"; };
/* End PBXFileReference section */

/* Begin PBXFrameworksBuildPhase section */
		B8BF028F1B7508B500C16C39 /* Frameworks */ = {
			isa = PBXFrameworksBuildPhase;
			buildActionMask = 2147483647;
			files = (
			);
			runOnlyForDeploymentPostprocessing = 0;
		};
		B8BF02A41B7508B500C16C39 /* Frameworks */ = {
			isa = PBXFrameworksBuildPhase;
			buildActionMask = 2147483647;
			files = (
			);
			runOnlyForDeploymentPostprocessing = 0;
		};
/* End PBXFrameworksBuildPhase section */

/* Begin PBXGroup section */
		B8BF02891B7508B500C16C39 = {
			isa = PBXGroup;
			children = (
				B8BF02941B7508B500C16C39 /* mayahoneyLogin */,
				B8BF02AA1B7508B500C16C39 /* mayahoneyLoginTests */,
				B8BF02931B7508B500C16C39 /* Products */,
			);
			sourceTree = "<group>";
		};
		B8BF02931B7508B500C16C39 /* Products */ = {
			isa = PBXGroup;
			children = (
				B8BF02921B7508B500C16C39 /* mayahoneyLogin.app */,
				B8BF02A71B7508B500C16C39 /* mayahoneyLoginTests.xctest */,
			);
			name = Products;
			sourceTree = "<group>";
		};
		B8BF02941B7508B500C16C39 /* mayahoneyLogin */ = {
			isa = PBXGroup;
			children = (
				B8BF02971B7508B500C16C39 /* AppDelegate.swift */,
				B8BF02991B7508B500C16C39 /* ViewController.swift */,
				B8BF029B1B7508B500C16C39 /* Main.storyboard */,
				B8BF029E1B7508B500C16C39 /* Images.xcassets */,
				B8BF02A01B7508B500C16C39 /* LaunchScreen.xib */,
				B8BF02951B7508B500C16C39 /* Supporting Files */,
			);
			path = mayahoneyLogin;
			sourceTree = "<group>";
		};
		B8BF02951B7508B500C16C39 /* Supporting Files */ = {
			isa = PBXGroup;
			children = (
				B8BF02961B7508B500C16C39 /* Info.plist */,
			);
			name = "Supporting Files";
			sourceTree = "<group>";
		};
		B8BF02AA1B7508B500C16C39 /* mayahoneyLoginTests */ = {
			isa = PBXGroup;
			children = (
				B8BF02AD1B7508B500C16C39 /* mayahoneyLoginTests.swift */,
				B8BF02AB1B7508B500C16C39 /* Supporting Files */,
			);
			path = mayahoneyLoginTests;
			sourceTree = "<group>";
		};
		B8BF02AB1B7508B500C16C39 /* Supporting Files */ = {
			isa = PBXGroup;
			children = (
				B8BF02AC1B7508B500C16C39 /* Info.plist */,
			);
			name = "Supporting Files";
			sourceTree = "<group>";
		};
/* End PBXGroup section */

/* Begin PBXNativeTarget section */
		B8BF02911B7508B500C16C39 /* mayahoneyLogin */ = {
			isa = PBXNativeTarget;
			buildConfigurationList = B8BF02B11B7508B500C16C39 /* Build configuration list for PBXNativeTarget "mayahoneyLogin" */;
			buildPhases = (
				B8BF028E1B7508B500C16C39 /* Sources */,
				B8BF028F1B7508B500C16C39 /* Frameworks */,
				B8BF02901B7508B500C16C39 /* Resources */,
			);
			buildRules = (
			);
			dependencies = (
			);
			name = mayahoneyLogin;
			productName = mayahoneyLogin;
			productReference = B8BF02921B7508B500C16C39 /* mayahoneyLogin.app */;
			productType = "com.apple.product-type.application";
		};
		B8BF02A61B7508B500C16C39 /* mayahoneyLoginTests */ = {
			isa = PBXNativeTarget;
			buildConfigurationList = B8BF02B41B7508B500C16C39 /* Build configuration list for PBXNativeTarget "mayahoneyLoginTests" */;
			buildPhases = (
				B8BF02A31B7508B500C16C39 /* Sources */,
				B8BF02A41B7508B500C16C39 /* Frameworks */,
				B8BF02A51B7508B500C16C39 /* Resources */,
			);
			buildRules = (
			);
			dependencies = (
				B8BF02A91B7508B500C16C39 /* PBXTargetDependency */,
			);
			name = mayahoneyLoginTests;
			productName = mayahoneyLoginTests;
			productReference = B8BF02A71B7508B500C16C39 /* mayahoneyLoginTests.xctest */;
			productType = "com.apple.product-type.bundle.unit-test";
		};
/* End PBXNativeTarget section */

/* Begin PBXProject section */
		B8BF028A1B7508B500C16C39 /* Project object */ = {
			isa = PBXProject;
			attributes = {
				LastUpgradeCheck = 0630;
				ORGANIZATIONNAME = SAP;
				TargetAttributes = {
					B8BF02911B7508B500C16C39 = {
						CreatedOnToolsVersion = 6.3.2;
					};
					B8BF02A61B7508B500C16C39 = {
						CreatedOnToolsVersion = 6.3.2;
						TestTargetID = B8BF02911B7508B500C16C39;
					};
				};
			};
			buildConfigurationList = B8BF028D1B7508B500C16C39 /* Build configuration list for PBXProject "mayahoneyLogin" */;
			compatibilityVersion = "Xcode 3.2";
			developmentRegion = English;
			hasScannedForEncodings = 0;
			knownRegions = (
				en,
				Base,
			);
			mainGroup = B8BF02891B7508B500C16C39;
			productRefGroup = B8BF02931B7508B500C16C39 /* Products */;
			projectDirPath = "";
			projectRoot = "";
			targets = (
				B8BF02911B7508B500C16C39 /* mayahoneyLogin */,
				B8BF02A61B7508B500C16C39 /* mayahoneyLoginTests */,
			);
		};
/* End PBXProject section */

/* Begin PBXResourcesBuildPhase section */
		B8BF02901B7508B500C16C39 /* Resources */ = {
			isa = PBXResourcesBuildPhase;
			buildActionMask = 2147483647;
			files = (
				B8BF029D1B7508B500C16C39 /* Main.storyboard in Resources */,
				B8BF02A21B7508B500C16C39 /* LaunchScreen.xib in Resources */,
				B8BF029F1B7508B500C16C39 /* Images.xcassets in Resources */,
			);
			runOnlyForDeploymentPostprocessing = 0;
		};
		B8BF02A51B7508B500C16C39 /* Resources */ = {
			isa = PBXResourcesBuildPhase;
			buildActionMask = 2147483647;
			files = (
			);
			runOnlyForDeploymentPostprocessing = 0;
		};
/* End PBXResourcesBuildPhase section */

/* Begin PBXSourcesBuildPhase section */
		B8BF028E1B7508B500C16C39 /* Sources */ = {
			isa = PBXSourcesBuildPhase;
			buildActionMask = 2147483647;
			files = (
				B8BF029A1B7508B500C16C39 /* ViewController.swift in Sources */,
				B8BF02981B7508B500C16C39 /* AppDelegate.swift in Sources */,
			);
			runOnlyForDeploymentPostprocessing = 0;
		};
		B8BF02A31B7508B500C16C39 /* Sources */ = {
			isa = PBXSourcesBuildPhase;
			buildActionMask = 2147483647;
			files = (
				B8BF02AE1B7508B500C16C39 /* mayahoneyLoginTests.swift in Sources */,
			);
			runOnlyForDeploymentPostprocessing = 0;
		};
/* End PBXSourcesBuildPhase section */

/* Begin PBXTargetDependency section */
		B8BF02A91B7508B500C16C39 /* PBXTargetDependency */ = {
			isa = PBXTargetDependency;
			target = B8BF02911B7508B500C16C39 /* mayahoneyLogin */;
			targetProxy = B8BF02A81B7508B500C16C39 /* PBXContainerItemProxy */;
		};
/* End PBXTargetDependency section */

/* Begin PBXVariantGroup section */
		B8BF029B1B7508B500C16C39 /* Main.storyboard */ = {
			isa = PBXVariantGroup;
			children = (
				B8BF029C1B7508B500C16C39 /* Base */,
			);
			name = Main.storyboard;
			sourceTree = "<group>";
		};
		B8BF02A01B7508B500C16C39 /* LaunchScreen.xib */ = {
			isa = PBXVariantGroup;
			children = (
				B8BF02A11B7508B500C16C39 /* Base */,
			);
			name = LaunchScreen.xib;
			sourceTree = "<group>";
		};
/* End PBXVariantGroup section */

/* Begin XCBuildConfiguration section */
		B8BF02AF1B7508B500C16C39 /* Debug */ = {
			isa = XCBuildConfiguration;
			buildSettings = {
				ALWAYS_SEARCH_USER_PATHS = NO;
				CLANG_CXX_LANGUAGE_STANDARD = "gnu++0x";
				CLANG_CXX_LIBRARY = "libc++";
				CLANG_ENABLE_MODULES = YES;
				CLANG_ENABLE_OBJC_ARC = YES;
				CLANG_WARN_BOOL_CONVERSION = YES;
				CLANG_WARN_CONSTANT_CONVERSION = YES;
				CLANG_WARN_DIRECT_OBJC_ISA_USAGE = YES_ERROR;
				CLANG_WARN_EMPTY_BODY = YES;
				CLANG_WARN_ENUM_CONVERSION = YES;
				CLANG_WARN_INT_CONVERSION = YES;
				CLANG_WARN_OBJC_ROOT_CLASS = YES_ERROR;
				CLANG_WARN_UNREACHABLE_CODE = YES;
				CLANG_WARN__DUPLICATE_METHOD_MATCH = YES;
				"CODE_SIGN_IDENTITY[sdk=iphoneos*]" = "iPhone Developer";
				COPY_PHASE_STRIP = NO;
				DEBUG_INFORMATION_FORMAT = "dwarf-with-dsym";
				ENABLE_STRICT_OBJC_MSGSEND = YES;
				GCC_C_LANGUAGE_STANDARD = gnu99;
				GCC_DYNAMIC_NO_PIC = NO;
				GCC_NO_COMMON_BLOCKS = YES;
				GCC_OPTIMIZATION_LEVEL = 0;
				GCC_PREPROCESSOR_DEFINITIONS = (
					"DEBUG=1",
					"$(inherited)",
				);
				GCC_SYMBOLS_PRIVATE_EXTERN = NO;
				GCC_WARN_64_TO_32_BIT_CONVERSION = YES;
				GCC_WARN_ABOUT_RETURN_TYPE = YES_ERROR;
				GCC_WARN_UNDECLARED_SELECTOR = YES;
				GCC_WARN_UNINITIALIZED_AUTOS = YES_AGGRESSIVE;
				GCC_WARN_UNUSED_FUNCTION = YES;
				GCC_WARN_UNUSED_VARIABLE = YES;
				IPHONEOS_DEPLOYMENT_TARGET = 8.3;
				MTL_ENABLE_DEBUG_INFO = YES;
				ONLY_ACTIVE_ARCH = YES;
				SDKROOT = iphoneos;
				SWIFT_OPTIMIZATION_LEVEL = "-Onone";
			};
			name = Debug;
		};
		B8BF02B01B7508B500C16C39 /* Release */ = {
			isa = XCBuildConfiguration;
			buildSettings = {
				ALWAYS_SEARCH_USER_PATHS = NO;
				CLANG_CXX_LANGUAGE_STANDARD = "gnu++0x";
				CLANG_CXX_LIBRARY = "libc++";
				CLANG_ENABLE_MODULES = YES;
				CLANG_ENABLE_OBJC_ARC = YES;
				CLANG_WARN_BOOL_CONVERSION = YES;
				CLANG_WARN_CONSTANT_CONVERSION = YES;
				CLANG_WARN_DIRECT_OBJC_ISA_USAGE = YES_ERROR;
				CLANG_WARN_EMPTY_BODY = YES;
				CLANG_WARN_ENUM_CONVERSION = YES;
				CLANG_WARN_INT_CONVERSION = YES;
				CLANG_WARN_OBJC_ROOT_CLASS = YES_ERROR;
				CLANG_WARN_UNREACHABLE_CODE = YES;
				CLANG_WARN__DUPLICATE_METHOD_MATCH = YES;
				"CODE_SIGN_IDENTITY[sdk=iphoneos*]" = "iPhone Developer";
				COPY_PHASE_STRIP = NO;
				DEBUG_INFORMATION_FORMAT = "dwarf-with-dsym";
				ENABLE_NS_ASSERTIONS = NO;
				ENABLE_STRICT_OBJC_MSGSEND = YES;
				GCC_C_LANGUAGE_STANDARD = gnu99;
				GCC_NO_COMMON_BLOCKS = YES;
				GCC_WARN_64_TO_32_BIT_CONVERSION = YES;
				GCC_WARN_ABOUT_RETURN_TYPE = YES_ERROR;
				GCC_WARN_UNDECLARED_SELECTOR = YES;
				GCC_WARN_UNINITIALIZED_AUTOS = YES_AGGRESSIVE;
				GCC_WARN_UNUSED_FUNCTION = YES;
				GCC_WARN_UNUSED_VARIABLE = YES;
				IPHONEOS_DEPLOYMENT_TARGET = 8.3;
				MTL_ENABLE_DEBUG_INFO = NO;
				SDKROOT = iphoneos;
				VALIDATE_PRODUCT = YES;
			};
			name = Release;
		};
		B8BF02B21B7508B500C16C39 /* Debug */ = {
			isa = XCBuildConfiguration;
			buildSettings = {
				ASSETCATALOG_COMPILER_APPICON_NAME = AppIcon;
				INFOPLIST_FILE = mayahoneyLogin/Info.plist;
				LD_RUNPATH_SEARCH_PATHS = "$(inherited) @executable_path/Frameworks";
				PRODUCT_NAME = "$(TARGET_NAME)";
			};
			name = Debug;
		};
		B8BF02B31B7508B500C16C39 /* Release */ = {
			isa = XCBuildConfiguration;
			buildSettings = {
				ASSETCATALOG_COMPILER_APPICON_NAME = AppIcon;
				INFOPLIST_FILE = mayahoneyLogin/Info.plist;
				LD_RUNPATH_SEARCH_PATHS = "$(inherited) @executable_path/Frameworks";
				PRODUCT_NAME = "$(TARGET_NAME)";
			};
			name = Release;
		};
		B8BF02B51B7508B500C16C39 /* Debug */ = {
			isa = XCBuildConfiguration;
			buildSettings = {
				BUNDLE_LOADER = "$(TEST_HOST)";
				FRAMEWORK_SEARCH_PATHS = (
					"$(SDKROOT)/Developer/Library/Frameworks",
					"$(inherited)",
				);
				GCC_PREPROCESSOR_DEFINITIONS = (
					"DEBUG=1",
					"$(inherited)",
				);
				INFOPLIST_FILE = mayahoneyLoginTests/Info.plist;
				LD_RUNPATH_SEARCH_PATHS = "$(inherited) @executable_path/Frameworks @loader_path/Frameworks";
				PRODUCT_NAME = "$(TARGET_NAME)";
				TEST_HOST = "$(BUILT_PRODUCTS_DIR)/mayahoneyLogin.app/mayahoneyLogin";
			};
			name = Debug;
		};
		B8BF02B61B7508B500C16C39 /* Release */ = {
			isa = XCBuildConfiguration;
			buildSettings = {
				BUNDLE_LOADER = "$(TEST_HOST)";
				FRAMEWORK_SEARCH_PATHS = (
					"$(SDKROOT)/Developer/Library/Frameworks",
					"$(inherited)",
				);
				INFOPLIST_FILE = mayahoneyLoginTests/Info.plist;
				LD_RUNPATH_SEARCH_PATHS = "$(inherited) @executable_path/Frameworks @loader_path/Frameworks";
				PRODUCT_NAME = "$(TARGET_NAME)";
				TEST_HOST = "$(BUILT_PRODUCTS_DIR)/mayahoneyLogin.app/mayahoneyLogin";
			};
			name = Release;
		};
/* End XCBuildConfiguration section */

/* Begin XCConfigurationList section */
		B8BF028D1B7508B500C16C39 /* Build configuration list for PBXProject "mayahoneyLogin" */ = {
			isa = XCConfigurationList;
			buildConfigurations = (
				B8BF02AF1B7508B500C16C39 /* Debug */,
				B8BF02B01B7508B500C16C39 /* Release */,
			);
			defaultConfigurationIsVisible = 0;
			defaultConfigurationName = Release;
		};
		B8BF02B11B7508B500C16C39 /* Build configuration list for PBXNativeTarget "mayahoneyLogin" */ = {
			isa = XCConfigurationList;
			buildConfigurations = (
				B8BF02B21B7508B500C16C39 /* Debug */,
				B8BF02B31B7508B500C16C39 /* Release */,
			);
			defaultConfigurationIsVisible = 0;
		};
		B8BF02B41B7508B500C16C39 /* Build configuration list for PBXNativeTarget "mayahoneyLoginTests" */ = {
			isa = XCConfigurationList;
			buildConfigurations = (
				B8BF02B51B7508B500C16C39 /* Debug */,
				B8BF02B61B7508B500C16C39 /* Release */,
			);
			defaultConfigurationIsVisible = 0;
		};
/* End XCConfigurationList section */
	};
	rootObject = B8BF028A1B7508B500C16C39 /* Project object */;
}
